
Microsoft Visual Studio Solution File, Format Version 12.00
# Visual Studio 15
VisualStudioVersion = 15.0.28307.136
MinimumVisualStudioVersion = 10.0.40219.1
Project("{FAE04EC0-301F-11D3-BF4B-00C04F79EFBC}") = "WorkflowManager", "WorkflowManager\WorkflowManager.csproj", "{F9C5B581-0674-4205-B899-0C58EE0CF3E4}"
EndProject
Global
	GlobalSection(SolutionConfigurationPlatforms) = preSolution
		Debug|x86 = Debug|x86
		Release|x86 = Release|x86
	EndGlobalSection
	GlobalSection(ProjectConfigurationPlatforms) = postSolution
		{F9C5B581-0674-4205-B899-0C58EE0CF3E4}.Debug|x86.ActiveCfg = Debug|x86
		{F9C5B581-0674-4205-B899-0C58EE0CF3E4}.Debug|x86.Build.0 = Debug|x86
		{F9C5B581-0674-4205-B899-0C58EE0CF3E4}.Release|x86.ActiveCfg = Release|x86
		{F9C5B581-0674-4205-B899-0C58EE0CF3E4}.Release|x86.Build.0 = Release|x86
	EndGlobalSection
	GlobalSection(SolutionProperties) = preSolution
		HideSolutionNode = FALSE
	EndGlobalSection
	GlobalSection(ExtensibilityGlobals) = postSolution
		SolutionGuid = {704FE65E-D139-4D0F-A088-11366E50A01D}
	EndGlobalSection
EndGlobal
